{
  "name": "chinwag",
  "version": "0.1.0",
  "lockfileVersion": 3,
  "requires": true,
  "packages": {
    "": {
      "name": "chinwag",
      "version": "0.1.0",
      "dependencies": {
        "@transcribe-cpp/darwin-arm64-metal": "0.2.1"
      }
    },
    "node_modules/@transcribe-cpp/darwin-arm64-metal": {
      "version": "0.2.1",
      "resolved": "https://registry.npmjs.org/@transcribe-cpp/darwin-arm64-metal/-/darwin-arm64-metal-0.2.1.tgz",
      "integrity": "sha512-StvvbrSGNDwMN8UC03muvZkECdchyW8CRjtpj3eP1Wi9JGfxQcUE8PRCH1raDMdAorp0L9lmXMnNKt/aMIo+mA==",
      "cpu": [
        "arm64"
      ],
      "license": "MIT",
      "os": [
        "darwin"
      ]
    }
  }
}
